// !$*UTF8*$!
{
	archiveVersion = 1;
	classes = {
	};
	objectVersion = 50;
	objects = {

/* Begin PBXBuildFile section */
		FA3B5C8C20FD35A900DF9F9A /* AppDelegate.swift in Sources */ = {isa = PBXBuildFile; fileRef = FA3B5C8B20FD35A900DF9F9A /* AppDelegate.swift */; };
		FA3B5C9120FD35AA00DF9F9A /* Main.storyboard in Resources */ = {isa = PBXBuildFile; fileRef = FA3B5C8F20FD35AA00DF9F9A /* Main.storyboard */; };
		FA3B5C9320FD35AC00DF9F9A /* Assets.xcassets in Resources */ = {isa = PBXBuildFile; fileRef = FA3B5C9220FD35AC00DF9F9A /* Assets.xcassets */; };
		FA3B5C9620FD35AC00DF9F9A /* LaunchScreen.storyboard in Resources */ = {isa = PBXBuildFile; fileRef = FA3B5C9420FD35AC00DF9F9A /* LaunchScreen.storyboard */; };
		FA3B5C9E20FD37B700DF9F9A /* TableViewController.swift in Sources */ = {isa = PBXBuildFile; fileRef = FA3B5C9D20FD37B700DF9F9A /* TableViewController.swift */; };
		FA3B5CA020FD383600DF9F9A /* TableViewCell.swift in Sources */ = {isa = PBXBuildFile; fileRef = FA3B5C9F20FD383600DF9F9A /* TableViewCell.swift */; };
		FA7952BF213C6ACB00B69FB5 /* js in Resources */ = {isa = PBXBuildFile; fileRef = FA7952BC213C6ACB00B69FB5 /* js */; };
		FA7952C0213C6ACB00B69FB5 /* style.css in Resources */ = {isa = PBXBuildFile; fileRef = FA7952BD213C6ACB00B69FB5 /* style.css */; };
		FA7952C1213C6ACB00B69FB5 /* index.html in Resources */ = {isa = PBXBuildFile; fileRef = FA7952BE213C6ACB00B69FB5 /* index.html */; };
		FAA0DE7220FE83E6009765D8 /* MapKit.framework in Frameworks */ = {isa = PBXBuildFile; fileRef = FAA0DE7120FE83E6009765D8 /* MapKit.framework */; };
		FADA69A720FE29D000382ED7 /* DetailsViewController.swift in Sources */ = {isa = PBXBuildFile; fileRef = FADA69A620FE29D000382ED7 /* DetailsViewController.swift */; };
/* End PBXBuildFile section */

/* Begin PBXFileReference section */
		FA3B5C8820FD35A900DF9F9A /* Historical Place.app */ = {isa = PBXFileReference; explicitFileType = wrapper.application; includeInIndex = 0; path = "Historical Place.app"; sourceTree = BUILT_PRODUCTS_DIR; };
		FA3B5C8B20FD35A900DF9F9A /* AppDelegate.swift */ = {isa = PBXFileReference; lastKnownFileType = sourcecode.swift; path = AppDelegate.swift; sourceTree = "<group>"; };
		FA3B5C9020FD35AA00DF9F9A /* Base */ = {isa = PBXFileReference; lastKnownFileType = file.storyboard; name = Base; path = Base.lproj/Main.storyboard; sourceTree = "<group>"; };
		FA3B5C9220FD35AC00DF9F9A /* Assets.xcassets */ = {isa = PBXFileReference; lastKnownFileType = folder.assetcatalog; path = Assets.xcassets; sourceTree = "<group>"; };
		FA3B5C9520FD35AC00DF9F9A /* Base */ = {isa = PBXFileReference; lastKnownFileType = file.storyboard; name = Base; path = Base.lproj/LaunchScreen.storyboard; sourceTree = "<group>"; };
		FA3B5C9720FD35AC00DF9F9A /* Info.plist */ = {isa = PBXFileReference; lastKnownFileType = text.plist.xml; path = Info.plist; sourceTree = "<group>"; };
		FA3B5C9D20FD37B700DF9F9A /* TableViewController.swift */ = {isa = PBXFileReference; lastKnownFileType = sourcecode.swift; path = TableViewController.swift; sourceTree = "<group>"; };
		FA3B5C9F20FD383600DF9F9A /* TableViewCell.swift */ = {isa = PBXFileReference; lastKnownFileType = sourcecode.swift; path = TableViewCell.swift; sourceTree = "<group>"; };
		FA7952BC213C6ACB00B69FB5 /* js */ = {isa = PBXFileReference; lastKnownFileType = folder; path = js; sourceTree = "<group>"; };
		FA7952BD213C6ACB00B69FB5 /* style.css */ = {isa = PBXFileReference; fileEncoding = 4; lastKnownFileType = text.css; path = style.css; sourceTree = "<group>"; };
		FA7952BE213C6ACB00B69FB5 /* index.html */ = {isa = PBXFileReference; fileEncoding = 4; lastKnownFileType = text.html; path = index.html; sourceTree = "<group>"; };
		FAA0DE7120FE83E6009765D8 /* MapKit.framework */ = {isa = PBXFileReference; lastKnownFileType = wrapper.framework; name = MapKit.framework; path = System/Library/Frameworks/MapKit.framework; sourceTree = SDKROOT; };
		FADA69A620FE29D000382ED7 /* DetailsViewController.swift */ = {isa = PBXFileReference; lastKnownFileType = sourcecode.swift; path = DetailsViewController.swift; sourceTree = "<group>"; };
/* End PBXFileReference section */

/* Begin PBXFrameworksBuildPhase section */
		FA3B5C8520FD35A900DF9F9A /* Frameworks */ = {
			isa = PBXFrameworksBuildPhase;
			buildActionMask = 2147483647;
			files = (
				FAA0DE7220FE83E6009765D8 /* MapKit.framework in Frameworks */,
			);
			runOnlyForDeploymentPostprocessing = 0;
		};
/* End PBXFrameworksBuildPhase section */

/* Begin PBXGroup section */
		FA3B5C7F20FD35A900DF9F9A = {
			isa = PBXGroup;
			children = (
				FA3B5C8A20FD35A900DF9F9A /* Historical Place */,
				FA3B5C8920FD35A900DF9F9A /* Products */,
				FAA0DE7020FE83E6009765D8 /* Frameworks */,
			);
			sourceTree = "<group>";
		};
		FA3B5C8920FD35A900DF9F9A /* Products */ = {
			isa = PBXGroup;
			children = (
				FA3B5C8820FD35A900DF9F9A /* Historical Place.app */,
			);
			name = Products;
			sourceTree = "<group>";
		};
		FA3B5C8A20FD35A900DF9F9A /* Historical Place */ = {
			isa = PBXGroup;
			children = (
				FA3B5C8B20FD35A900DF9F9A /* AppDelegate.swift */,
				FA3B5C9F20FD383600DF9F9A /* TableViewCell.swift */,
				FA3B5C9D20FD37B700DF9F9A /* TableViewController.swift */,
				FADA69A620FE29D000382ED7 /* DetailsViewController.swift */,
				FA3B5C8F20FD35AA00DF9F9A /* Main.storyboard */,
				FA3B5C9220FD35AC00DF9F9A /* Assets.xcassets */,
				FA3B5C9420FD35AC00DF9F9A /* LaunchScreen.storyboard */,
				FA3B5C9720FD35AC00DF9F9A /* Info.plist */,
				FA7952BE213C6ACB00B69FB5 /* index.html */,
				FA7952BC213C6ACB00B69FB5 /* js */,
				FA7952BD213C6ACB00B69FB5 /* style.css */,
			);
			path = "Historical Place";
			sourceTree = "<group>";
		};
		FAA0DE7020FE83E6009765D8 /* Frameworks */ = {
			isa = PBXGroup;
			children = (
				FAA0DE7120FE83E6009765D8 /* MapKit.framework */,
			);
			name = Frameworks;
			sourceTree = "<group>";
		};
/* End PBXGroup section */

/* Begin PBXNativeTarget section */
		FA3B5C8720FD35A900DF9F9A /* Historical Place */ = {
			isa = PBXNativeTarget;
			buildConfigurationList = FA3B5C9A20FD35AC00DF9F9A /* Build configuration list for PBXNativeTarget "Historical Place" */;
			buildPhases = (
				FA3B5C8420FD35A900DF9F9A /* Sources */,
				FA3B5C8520FD35A900DF9F9A /* Frameworks */,
				FA3B5C8620FD35A900DF9F9A /* Resources */,
			);
			buildRules = (
			);
			dependencies = (
			);
			name = "Historical Place";
			productName = "Historical Place";
			productReference = FA3B5C8820FD35A900DF9F9A /* Historical Place.app */;
			productType = "com.apple.product-type.application";
		};
/* End PBXNativeTarget section */

/* Begin PBXProject section */
		FA3B5C8020FD35A900DF9F9A /* Project object */ = {
			isa = PBXProject;
			attributes = {
				LastSwiftUpdateCheck = 0940;
				LastUpgradeCheck = 0940;
				ORGANIZATIONNAME = "Code Drizzlers";
				TargetAttributes = {
					FA3B5C8720FD35A900DF9F9A = {
						CreatedOnToolsVersion = 9.4;
						SystemCapabilities = {
							com.apple.Maps.iOS = {
								enabled = 1;
							};
						};
					};
				};
			};
			buildConfigurationList = FA3B5C8320FD35A900DF9F9A /* Build configuration list for PBXProject "Historical Place" */;
			compatibilityVersion = "Xcode 9.3";
			developmentRegion = en;
			hasScannedForEncodings = 0;
			knownRegions = (
				en,
				Base,
			);
			mainGroup = FA3B5C7F20FD35A900DF9F9A;
			productRefGroup = FA3B5C8920FD35A900DF9F9A /* Products */;
			projectDirPath = "";
			projectRoot = "";
			targets = (
				FA3B5C8720FD35A900DF9F9A /* Historical Place */,
			);
		};
/* End PBXProject section */

/* Begin PBXResourcesBuildPhase section */
		FA3B5C8620FD35A900DF9F9A /* Resources */ = {
			isa = PBXResourcesBuildPhase;
			buildActionMask = 2147483647;
			files = (
				FA3B5C9620FD35AC00DF9F9A /* LaunchScreen.storyboard in Resources */,
				FA3B5C9320FD35AC00DF9F9A /* Assets.xcassets in Resources */,
				FA7952C0213C6ACB00B69FB5 /* style.css in Resources */,
				FA7952C1213C6ACB00B69FB5 /* index.html in Resources */,
				FA3B5C9120FD35AA00DF9F9A /* Main.storyboard in Resources */,
				FA7952BF213C6ACB00B69FB5 /* js in Resources */,
			);
			runOnlyForDeploymentPostprocessing = 0;
		};
/* End PBXResourcesBuildPhase section */

/* Begin PBXSourcesBuildPhase section */
		FA3B5C8420FD35A900DF9F9A /* Sources */ = {
			isa = PBXSourcesBuildPhase;
			buildActionMask = 2147483647;
			files = (
				FA3B5CA020FD383600DF9F9A /* TableViewCell.swift in Sources */,
				FA3B5C8C20FD35A900DF9F9A /* AppDelegate.swift in Sources */,
				FA3B5C9E20FD37B700DF9F9A /* TableViewController.swift in Sources */,
				FADA69A720FE29D000382ED7 /* DetailsViewController.swift in Sources */,
			);
			runOnlyForDeploymentPostprocessing = 0;
		};
/* End PBXSourcesBuildPhase section */

/* Begin PBXVariantGroup section */
		FA3B5C8F20FD35AA00DF9F9A /* Main.storyboard */ = {
			isa = PBXVariantGroup;
			children = (
				FA3B5C9020FD35AA00DF9F9A /* Base */,
			);
			name = Main.storyboard;
			sourceTree = "<group>";
		};
		FA3B5C9420FD35AC00DF9F9A /* LaunchScreen.storyboard */ = {
			isa = PBXVariantGroup;
			children = (
				FA3B5C9520FD35AC00DF9F9A /* Base */,
			);
			name = LaunchScreen.storyboard;
			sourceTree = "<group>";
		};
/* End PBXVariantGroup section */

/* Begin XCBuildConfiguration section */
		FA3B5C9820FD35AC00DF9F9A /* Debug */ = {
			isa = XCBuildConfiguration;
			buildSettings = {
				ALWAYS_SEARCH_USER_PATHS = NO;
				CLANG_ANALYZER_NONNULL = YES;
				CLANG_ANALYZER_NUMBER_OBJECT_CONVERSION = YES_AGGRESSIVE;
				CLANG_CXX_LANGUAGE_STANDARD = "gnu++14";
				CLANG_CXX_LIBRARY = "libc++";
				CLANG_ENABLE_MODULES = YES;
				CLANG_ENABLE_OBJC_ARC = YES;
				CLANG_ENABLE_OBJC_WEAK = YES;
				CLANG_WARN_BLOCK_CAPTURE_AUTORELEASING = YES;
				CLANG_WARN_BOOL_CONVERSION = YES;
				CLANG_WARN_COMMA = YES;
				CLANG_WARN_CONSTANT_CONVERSION = YES;
				CLANG_WARN_DEPRECATED_OBJC_IMPLEMENTATIONS = YES;
				CLANG_WARN_DIRECT_OBJC_ISA_USAGE = YES_ERROR;
				CLANG_WARN_DOCUMENTATION_COMMENTS = YES;
				CLANG_WARN_EMPTY_BODY = YES;
				CLANG_WARN_ENUM_CONVERSION = YES;
				CLANG_WARN_INFINITE_RECURSION = YES;
				CLANG_WARN_INT_CONVERSION = YES;
				CLANG_WARN_NON_LITERAL_NULL_CONVERSION = YES;
				CLANG_WARN_OBJC_IMPLICIT_RETAIN_SELF = YES;
				CLANG_WARN_OBJC_LITERAL_CONVERSION = YES;
				CLANG_WARN_OBJC_ROOT_CLASS = YES_ERROR;
				CLANG_WARN_RANGE_LOOP_ANALYSIS = YES;
				CLANG_WARN_STRICT_PROTOTYPES = YES;
				CLANG_WARN_SUSPICIOUS_MOVE = YES;
				CLANG_WARN_UNGUARDED_AVAILABILITY = YES_AGGRESSIVE;
				CLANG_WARN_UNREACHABLE_CODE = YES;
				CLANG_WARN__DUPLICATE_METHOD_MATCH = YES;
				CODE_SIGN_IDENTITY = "iPhone Developer";
				COPY_PHASE_STRIP = NO;
				DEBUG_INFORMATION_FORMAT = dwarf;
				ENABLE_STRICT_OBJC_MSGSEND = YES;
				ENABLE_TESTABILITY = YES;
				GCC_C_LANGUAGE_STANDARD = gnu11;
				GCC_DYNAMIC_NO_PIC = NO;
				GCC_NO_COMMON_BLOCKS = YES;
				GCC_OPTIMIZATION_LEVEL = 0;
				GCC_PREPROCESSOR_DEFINITIONS = (
					"DEBUG=1",
					"$(inherited)",
				);
				GCC_WARN_64_TO_32_BIT_CONVERSION = YES;
				GCC_WARN_ABOUT_RETURN_TYPE = YES_ERROR;
				GCC_WARN_UNDECLARED_SELECTOR = YES;
				GCC_WARN_UNINITIALIZED_AUTOS = YES_AGGRESSIVE;
				GCC_WARN_UNUSED_FUNCTION = YES;
				GCC_WARN_UNUSED_VARIABLE = YES;
				IPHONEOS_DEPLOYMENT_TARGET = 11.4;
				MTL_ENABLE_DEBUG_INFO = YES;
				ONLY_ACTIVE_ARCH = YES;
				SDKROOT = iphoneos;
				SWIFT_ACTIVE_COMPILATION_CONDITIONS = DEBUG;
				SWIFT_OPTIMIZATION_LEVEL = "-Onone";
			};
			name = Debug;
		};
		FA3B5C9920FD35AC00DF9F9A /* Release */ = {
			isa = XCBuildConfiguration;
			buildSettings = {
				ALWAYS_SEARCH_USER_PATHS = NO;
				CLANG_ANALYZER_NONNULL = YES;
				CLANG_ANALYZER_NUMBER_OBJECT_CONVERSION = YES_AGGRESSIVE;
				CLANG_CXX_LANGUAGE_STANDARD = "gnu++14";
				CLANG_CXX_LIBRARY = "libc++";
				CLANG_ENABLE_MODULES = YES;
				CLANG_ENABLE_OBJC_ARC = YES;
				CLANG_ENABLE_OBJC_WEAK = YES;
				CLANG_WARN_BLOCK_CAPTURE_AUTORELEASING = YES;
				CLANG_WARN_BOOL_CONVERSION = YES;
				CLANG_WARN_COMMA = YES;
				CLANG_WARN_CONSTANT_CONVERSION = YES;
				CLANG_WARN_DEPRECATED_OBJC_IMPLEMENTATIONS = YES;
				CLANG_WARN_DIRECT_OBJC_ISA_USAGE = YES_ERROR;
				CLANG_WARN_DOCUMENTATION_COMMENTS = YES;
				CLANG_WARN_EMPTY_BODY = YES;
				CLANG_WARN_ENUM_CONVERSION = YES;
				CLANG_WARN_INFINITE_RECURSION = YES;
				CLANG_WARN_INT_CONVERSION = YES;
				CLANG_WARN_NON_LITERAL_NULL_CONVERSION = YES;
				CLANG_WARN_OBJC_IMPLICIT_RETAIN_SELF = YES;
				CLANG_WARN_OBJC_LITERAL_CONVERSION = YES;
				CLANG_WARN_OBJC_ROOT_CLASS = YES_ERROR;
				CLANG_WARN_RANGE_LOOP_ANALYSIS = YES;
				CLANG_WARN_STRICT_PROTOTYPES = YES;
				CLANG_WARN_SUSPICIOUS_MOVE = YES;
				CLANG_WARN_UNGUARDED_AVAILABILITY = YES_AGGRESSIVE;
				CLANG_WARN_UNREACHABLE_CODE = YES;
				CLANG_WARN__DUPLICATE_METHOD_MATCH = YES;
				CODE_SIGN_IDENTITY = "iPhone Developer";
				COPY_PHASE_STRIP = NO;
				DEBUG_INFORMATION_FORMAT = "dwarf-with-dsym";
				ENABLE_NS_ASSERTIONS = NO;
				ENABLE_STRICT_OBJC_MSGSEND = YES;
				GCC_C_LANGUAGE_STANDARD = gnu11;
				GCC_NO_COMMON_BLOCKS = YES;
				GCC_WARN_64_TO_32_BIT_CONVERSION = YES;
				GCC_WARN_ABOUT_RETURN_TYPE = YES_ERROR;
				GCC_WARN_UNDECLARED_SELECTOR = YES;
				GCC_WARN_UNINITIALIZED_AUTOS = YES_AGGRESSIVE;
				GCC_WARN_UNUSED_FUNCTION = YES;
				GCC_WARN_UNUSED_VARIABLE = YES;
				IPHONEOS_DEPLOYMENT_TARGET = 11.4;
				MTL_ENABLE_DEBUG_INFO = NO;
				SDKROOT = iphoneos;
				SWIFT_COMPILATION_MODE = wholemodule;
				SWIFT_OPTIMIZATION_LEVEL = "-O";
				VALIDATE_PRODUCT = YES;
			};
			name = Release;
		};
		FA3B5C9B20FD35AC00DF9F9A /* Debug */ = {
			isa = XCBuildConfiguration;
			buildSettings = {
				ASSETCATALOG_COMPILER_APPICON_NAME = AppIcon;
				CODE_SIGN_STYLE = Automatic;
				INFOPLIST_FILE = "Historical Place/Info.plist";
				LD_RUNPATH_SEARCH_PATHS = (
					"$(inherited)",
					"@executable_path/Frameworks",
				);
				PRODUCT_BUNDLE_IDENTIFIER = "com.codedrizzlers.Historical-Place";
				PRODUCT_NAME = "$(TARGET_NAME)";
				SWIFT_VERSION = 4.0;
				TARGETED_DEVICE_FAMILY = "1,2";
			};
			name = Debug;
		};
		FA3B5C9C20FD35AC00DF9F9A /* Release */ = {
			isa = XCBuildConfiguration;
			buildSettings = {
				ASSETCATALOG_COMPILER_APPICON_NAME = AppIcon;
				CODE_SIGN_STYLE = Automatic;
				INFOPLIST_FILE = "Historical Place/Info.plist";
				LD_RUNPATH_SEARCH_PATHS = (
					"$(inherited)",
					"@executable_path/Frameworks",
				);
				PRODUCT_BUNDLE_IDENTIFIER = "com.codedrizzlers.Historical-Place";
				PRODUCT_NAME = "$(TARGET_NAME)";
				SWIFT_VERSION = 4.0;
				TARGETED_DEVICE_FAMILY = "1,2";
			};
			name = Release;
		};
/* End XCBuildConfiguration section */

/* Begin XCConfigurationList section */
		FA3B5C8320FD35A900DF9F9A /* Build configuration list for PBXProject "Historical Place" */ = {
			isa = XCConfigurationList;
			buildConfigurations = (
				FA3B5C9820FD35AC00DF9F9A /* Debug */,
				FA3B5C9920FD35AC00DF9F9A /* Release */,
			);
			defaultConfigurationIsVisible = 0;
			defaultConfigurationName = Release;
		};
		FA3B5C9A20FD35AC00DF9F9A /* Build configuration list for PBXNativeTarget "Historical Place" */ = {
			isa = XCConfigurationList;
			buildConfigurations = (
				FA3B5C9B20FD35AC00DF9F9A /* Debug */,
				FA3B5C9C20FD35AC00DF9F9A /* Release */,
			);
			defaultConfigurationIsVisible = 0;
			defaultConfigurationName = Release;
		};
/* End XCConfigurationList section */
	};
	rootObject = FA3B5C8020FD35A900DF9F9A /* Project object */;
}
